
Microsoft Visual Studio Solution File, Format Version 12.00
# Visual Studio 15
VisualStudioVersion = 15.0.27004.2010
MinimumVisualStudioVersion = 10.0.40219.1
Project("{8BC9CEB8-8B4A-11D0-8D11-00A0C91BC942}") = "ConsoleApp", "ConsoleApp\ConsoleApp.vcxproj", "{D85E8BC7-D1AA-47BD-B38D-E1C7277CBE9F}"
EndProject
Project("{8BC9CEB8-8B4A-11D0-8D11-00A0C91BC942}") = "DrvApp", "DrvApp\DrvApp.vcxproj", "{AA697A19-7A2B-4516-9DF7-533AEFB30F87}"
EndProject
Project("{8BC9CEB8-8B4A-11D0-8D11-00A0C91BC942}") = "ConsoleClient", "ConsoleClient\ConsoleClient.vcxproj", "{AA3E8232-BCBE-4822-9D39-81D3C8332369}"
EndProject
Project("{888888A0-9F3D-457C-B088-3A5042F75D52}") = "PyDemo", "PyDemo\PyDemo.pyproj", "{539C0F35-CEE4-4878-8765-C706E06F0339}"
EndProject
Project("{8BC9CEB8-8B4A-11D0-8D11-00A0C91BC942}") = "testDll", "testDll\testDll.vcxproj", "{C3FF2A12-AD5F-4801-92C8-EB3CB76556C1}"
EndProject
Global
	GlobalSection(SolutionConfigurationPlatforms) = preSolution
		Debug|Any CPU = Debug|Any CPU
		Debug|ARM = Debug|ARM
		Debug|ARM64 = Debug|ARM64
		Debug|x64 = Debug|x64
		Debug|x86 = Debug|x86
		Release|Any CPU = Release|Any CPU
		Release|ARM = Release|ARM
		Release|ARM64 = Release|ARM64
		Release|x64 = Release|x64
		Release|x86 = Release|x86
	EndGlobalSection
	GlobalSection(ProjectConfigurationPlatforms) = postSolution
		{D85E8BC7-D1AA-47BD-B38D-E1C7277CBE9F}.Debug|Any CPU.ActiveCfg = Debug|Win32
		{D85E8BC7-D1AA-47BD-B38D-E1C7277CBE9F}.Debug|ARM.ActiveCfg = Debug|Win32
		{D85E8BC7-D1AA-47BD-B38D-E1C7277CBE9F}.Debug|ARM64.ActiveCfg = Debug|Win32
		{D85E8BC7-D1AA-47BD-B38D-E1C7277CBE9F}.Debug|x64.ActiveCfg = Debug|x64
		{D85E8BC7-D1AA-47BD-B38D-E1C7277CBE9F}.Debug|x64.Build.0 = Debug|x64
		{D85E8BC7-D1AA-47BD-B38D-E1C7277CBE9F}.Debug|x86.ActiveCfg = Debug|Win32
		{D85E8BC7-D1AA-47BD-B38D-E1C7277CBE9F}.Debug|x86.Build.0 = Debug|Win32
		{D85E8BC7-D1AA-47BD-B38D-E1C7277CBE9F}.Release|Any CPU.ActiveCfg = Release|Win32
		{D85E8BC7-D1AA-47BD-B38D-E1C7277CBE9F}.Release|ARM.ActiveCfg = Release|Win32
		{D85E8BC7-D1AA-47BD-B38D-E1C7277CBE9F}.Release|ARM64.ActiveCfg = Release|Win32
		{D85E8BC7-D1AA-47BD-B38D-E1C7277CBE9F}.Release|x64.ActiveCfg = Release|x64
		{D85E8BC7-D1AA-47BD-B38D-E1C7277CBE9F}.Release|x64.Build.0 = Release|x64
		{D85E8BC7-D1AA-47BD-B38D-E1C7277CBE9F}.Release|x86.ActiveCfg = Release|Win32
		{D85E8BC7-D1AA-47BD-B38D-E1C7277CBE9F}.Release|x86.Build.0 = Release|Win32
		{AA697A19-7A2B-4516-9DF7-533AEFB30F87}.Debug|Any CPU.ActiveCfg = Debug|Win32
		{AA697A19-7A2B-4516-9DF7-533AEFB30F87}.Debug|ARM.ActiveCfg = Debug|ARM
		{AA697A19-7A2B-4516-9DF7-533AEFB30F87}.Debug|ARM.Build.0 = Debug|ARM
		{AA697A19-7A2B-4516-9DF7-533AEFB30F87}.Debug|ARM.Deploy.0 = Debug|ARM
		{AA697A19-7A2B-4516-9DF7-533AEFB30F87}.Debug|ARM64.ActiveCfg = Debug|ARM64
		{AA697A19-7A2B-4516-9DF7-533AEFB30F87}.Debug|ARM64.Build.0 = Debug|ARM64
		{AA697A19-7A2B-4516-9DF7-533AEFB30F87}.Debug|ARM64.Deploy.0 = Debug|ARM64
		{AA697A19-7A2B-4516-9DF7-533AEFB30F87}.Debug|x64.ActiveCfg = Debug|x64
		{AA697A19-7A2B-4516-9DF7-533AEFB30F87}.Debug|x64.Build.0 = Debug|x64
		{AA697A19-7A2B-4516-9DF7-533AEFB30F87}.Debug|x64.Deploy.0 = Debug|x64
		{AA697A19-7A2B-4516-9DF7-533AEFB30F87}.Debug|x86.ActiveCfg = Debug|Win32
		{AA697A19-7A2B-4516-9DF7-533AEFB30F87}.Debug|x86.Build.0 = Debug|Win32
		{AA697A19-7A2B-4516-9DF7-533AEFB30F87}.Debug|x86.Deploy.0 = Debug|Win32
		{AA697A19-7A2B-4516-9DF7-533AEFB30F87}.Release|Any CPU.ActiveCfg = Release|Win32
		{AA697A19-7A2B-4516-9DF7-533AEFB30F87}.Release|ARM.ActiveCfg = Release|ARM
		{AA697A19-7A2B-4516-9DF7-533AEFB30F87}.Release|ARM.Build.0 = Release|ARM
		{AA697A19-7A2B-4516-9DF7-533AEFB30F87}.Release|ARM.Deploy.0 = Release|ARM
		{AA697A19-7A2B-4516-9DF7-533AEFB30F87}.Release|ARM64.ActiveCfg = Release|ARM64
		{AA697A19-7A2B-4516-9DF7-533AEFB30F87}.Release|ARM64.Build.0 = Release|ARM64
		{AA697A19-7A2B-4516-9DF7-533AEFB30F87}.Release|ARM64.Deploy.0 = Release|ARM64
		{AA697A19-7A2B-4516-9DF7-533AEFB30F87}.Release|x64.ActiveCfg = Release|x64
		{AA697A19-7A2B-4516-9DF7-533AEFB30F87}.Release|x64.Build.0 = Release|x64
		{AA697A19-7A2B-4516-9DF7-533AEFB30F87}.Release|x64.Deploy.0 = Release|x64
		{AA697A19-7A2B-4516-9DF7-533AEFB30F87}.Release|x86.ActiveCfg = Release|Win32
		{AA697A19-7A2B-4516-9DF7-533AEFB30F87}.Release|x86.Build.0 = Release|Win32
		{AA697A19-7A2B-4516-9DF7-533AEFB30F87}.Release|x86.Deploy.0 = Release|Win32
		{AA3E8232-BCBE-4822-9D39-81D3C8332369}.Debug|Any CPU.ActiveCfg = Debug|Win32
		{AA3E8232-BCBE-4822-9D39-81D3C8332369}.Debug|ARM.ActiveCfg = Debug|Win32
		{AA3E8232-BCBE-4822-9D39-81D3C8332369}.Debug|ARM64.ActiveCfg = Debug|Win32
		{AA3E8232-BCBE-4822-9D39-81D3C8332369}.Debug|x64.ActiveCfg = Debug|x64
		{AA3E8232-BCBE-4822-9D39-81D3C8332369}.Debug|x64.Build.0 = Debug|x64
		{AA3E8232-BCBE-4822-9D39-81D3C8332369}.Debug|x86.ActiveCfg = Debug|Win32
		{AA3E8232-BCBE-4822-9D39-81D3C8332369}.Debug|x86.Build.0 = Debug|Win32
		{AA3E8232-BCBE-4822-9D39-81D3C8332369}.Release|Any CPU.ActiveCfg = Release|Win32
		{AA3E8232-BCBE-4822-9D39-81D3C8332369}.Release|ARM.ActiveCfg = Release|Win32
		{AA3E8232-BCBE-4822-9D39-81D3C8332369}.Release|ARM64.ActiveCfg = Release|Win32
		{AA3E8232-BCBE-4822-9D39-81D3C8332369}.Release|x64.ActiveCfg = Release|x64
		{AA3E8232-BCBE-4822-9D39-81D3C8332369}.Release|x64.Build.0 = Release|x64
		{AA3E8232-BCBE-4822-9D39-81D3C8332369}.Release|x86.ActiveCfg = Release|Win32
		{AA3E8232-BCBE-4822-9D39-81D3C8332369}.Release|x86.Build.0 = Release|Win32
		{539C0F35-CEE4-4878-8765-C706E06F0339}.Debug|Any CPU.ActiveCfg = Debug|Any CPU
		{539C0F35-CEE4-4878-8765-C706E06F0339}.Debug|ARM.ActiveCfg = Debug|Any CPU
		{539C0F35-CEE4-4878-8765-C706E06F0339}.Debug|ARM64.ActiveCfg = Debug|Any CPU
		{539C0F35-CEE4-4878-8765-C706E06F0339}.Debug|x64.ActiveCfg = Debug|Any CPU
		{539C0F35-CEE4-4878-8765-C706E06F0339}.Debug|x86.ActiveCfg = Debug|Any CPU
		{539C0F35-CEE4-4878-8765-C706E06F0339}.Release|Any CPU.ActiveCfg = Release|Any CPU
		{539C0F35-CEE4-4878-8765-C706E06F0339}.Release|ARM.ActiveCfg = Release|Any CPU
		{539C0F35-CEE4-4878-8765-C706E06F0339}.Release|ARM64.ActiveCfg = Release|Any CPU
		{539C0F35-CEE4-4878-8765-C706E06F0339}.Release|x64.ActiveCfg = Release|Any CPU
		{539C0F35-CEE4-4878-8765-C706E06F0339}.Release|x86.ActiveCfg = Release|Any CPU
		{C3FF2A12-AD5F-4801-92C8-EB3CB76556C1}.Debug|Any CPU.ActiveCfg = Debug|Win32
		{C3FF2A12-AD5F-4801-92C8-EB3CB76556C1}.Debug|ARM.ActiveCfg = Debug|Win32
		{C3FF2A12-AD5F-4801-92C8-EB3CB76556C1}.Debug|ARM64.ActiveCfg = Debug|Win32
		{C3FF2A12-AD5F-4801-92C8-EB3CB76556C1}.Debug|x64.ActiveCfg = Debug|x64
		{C3FF2A12-AD5F-4801-92C8-EB3CB76556C1}.Debug|x64.Build.0 = Debug|x64
		{C3FF2A12-AD5F-4801-92C8-EB3CB76556C1}.Debug|x86.ActiveCfg = Debug|Win32
		{C3FF2A12-AD5F-4801-92C8-EB3CB76556C1}.Debug|x86.Build.0 = Debug|Win32
		{C3FF2A12-AD5F-4801-92C8-EB3CB76556C1}.Release|Any CPU.ActiveCfg = Release|Win32
		{C3FF2A12-AD5F-4801-92C8-EB3CB76556C1}.Release|ARM.ActiveCfg = Release|Win32
		{C3FF2A12-AD5F-4801-92C8-EB3CB76556C1}.Release|ARM64.ActiveCfg = Release|Win32
		{C3FF2A12-AD5F-4801-92C8-EB3CB76556C1}.Release|x64.ActiveCfg = Release|x64
		{C3FF2A12-AD5F-4801-92C8-EB3CB76556C1}.Release|x64.Build.0 = Release|x64
		{C3FF2A12-AD5F-4801-92C8-EB3CB76556C1}.Release|x86.ActiveCfg = Release|Win32
		{C3FF2A12-AD5F-4801-92C8-EB3CB76556C1}.Release|x86.Build.0 = Release|Win32
	EndGlobalSection
	GlobalSection(SolutionProperties) = preSolution
		HideSolutionNode = FALSE
	EndGlobalSection
	GlobalSection(ExtensibilityGlobals) = postSolution
		SolutionGuid = {AF46917B-31CC-4E23-A7C9-ED02F1C9DEC5}
	EndGlobalSection
EndGlobal
